
Microsoft Visual Studio Solution File, Format Version 11.00
# Visual Studio 2010
Project("{FAE04EC0-301F-11D3-BF4B-00C04F79EFBC}") = "MEMKey Tester Interface", "MEMKey Tester Interface\MEMKey Tester Interface.csproj", "{E3E98442-D7AD-4342-95AB-DA098ABADE06}"
EndProject
Project("{54435603-DBB4-11D2-8724-00A0C9A8B90C}") = "SetupMEMKeyTester", "SetupMEMKeyTester\SetupMEMKeyTester.vdproj", "{C3AD4FE8-403B-4A15-BAE5-B530BA1A4299}"
EndProject
Global
	GlobalSection(SolutionConfigurationPlatforms) = preSolution
		Debug|x86 = Debug|x86
		Release|x86 = Release|x86
	EndGlobalSection
	GlobalSection(ProjectConfigurationPlatforms) = postSolution
		{E3E98442-D7AD-4342-95AB-DA098ABADE06}.Debug|x86.ActiveCfg = Debug|x86
		{E3E98442-D7AD-4342-95AB-DA098ABADE06}.Debug|x86.Build.0 = Debug|x86
		{E3E98442-D7AD-4342-95AB-DA098ABADE06}.Release|x86.ActiveCfg = Release|x86
		{E3E98442-D7AD-4342-95AB-DA098ABADE06}.Release|x86.Build.0 = Release|x86
		{C3AD4FE8-403B-4A15-BAE5-B530BA1A4299}.Debug|x86.ActiveCfg = Debug
		{C3AD4FE8-403B-4A15-BAE5-B530BA1A4299}.Release|x86.ActiveCfg = Release
	EndGlobalSection
	GlobalSection(SolutionProperties) = preSolution
		HideSolutionNode = FALSE
	EndGlobalSection
EndGlobal
